
Microsoft Visual Studio Solution File, Format Version 12.00
# Visual Studio Version 17
VisualStudioVersion = 17.13.35825.156 d17.13
MinimumVisualStudioVersion = 10.0.40219.1
Project("{FAE04EC0-301F-11D3-BF4B-00C04F79EFBC}") = "Move_Smart", "Move_Smart\Move_Smart.csproj", "{3A1E0054-53BB-437B-9A0D-31F2339C87D8}"
EndProject
Project("{FAE04EC0-301F-11D3-BF4B-00C04F79EFBC}") = "DataAccessLayer", "DataAccessLayer\DataAccessLayer.csproj", "{88EDBE0F-52F6-4931-A170-50DCD50C8C3D}"
EndProject
Project("{FAE04EC0-301F-11D3-BF4B-00C04F79EFBC}") = "BusinessLogicLayer", "BusinessLogicLayer\BusinessLogicLayer.csproj", "{45062435-A096-44E9-A6D9-304497FAA081}"
EndProject
Global
	GlobalSection(SolutionConfigurationPlatforms) = preSolution
		Debug|Any CPU = Debug|Any CPU
		Release|Any CPU = Release|Any CPU
	EndGlobalSection
	GlobalSection(ProjectConfigurationPlatforms) = postSolution
		{3A1E0054-53BB-437B-9A0D-31F2339C87D8}.Debug|Any CPU.ActiveCfg = Debug|Any CPU
		{3A1E0054-53BB-437B-9A0D-31F2339C87D8}.Debug|Any CPU.Build.0 = Debug|Any CPU
		{3A1E0054-53BB-437B-9A0D-31F2339C87D8}.Release|Any CPU.ActiveCfg = Release|Any CPU
		{3A1E0054-53BB-437B-9A0D-31F2339C87D8}.Release|Any CPU.Build.0 = Release|Any CPU
		{88EDBE0F-52F6-4931-A170-50DCD50C8C3D}.Debug|Any CPU.ActiveCfg = Debug|Any CPU
		{88EDBE0F-52F6-4931-A170-50DCD50C8C3D}.Debug|Any CPU.Build.0 = Debug|Any CPU
		{88EDBE0F-52F6-4931-A170-50DCD50C8C3D}.Release|Any CPU.ActiveCfg = Release|Any CPU
		{88EDBE0F-52F6-4931-A170-50DCD50C8C3D}.Release|Any CPU.Build.0 = Release|Any CPU
		{45062435-A096-44E9-A6D9-304497FAA081}.Debug|Any CPU.ActiveCfg = Debug|Any CPU
		{45062435-A096-44E9-A6D9-304497FAA081}.Debug|Any CPU.Build.0 = Debug|Any CPU
		{45062435-A096-44E9-A6D9-304497FAA081}.Release|Any CPU.ActiveCfg = Release|Any CPU
		{45062435-A096-44E9-A6D9-304497FAA081}.Release|Any CPU.Build.0 = Release|Any CPU
	EndGlobalSection
	GlobalSection(SolutionProperties) = preSolution
		HideSolutionNode = FALSE
	EndGlobalSection
	GlobalSection(ExtensibilityGlobals) = postSolution
		SolutionGuid = {929EFBF6-2257-4CC1-AA63-AC7438370B55}
	EndGlobalSection
EndGlobal
